<?xml version="1.0" encoding="utf-8"?>
<Project ToolsVersion="4.0" xmlns="http://schemas.microsoft.com/developer/msbuild/2003">
  <ItemGroup>
    <Filter Include="Source Files">
      <UniqueIdentifier>{4FC737F1-C7A5-4376-A066-2A32D752A2FF}</UniqueIdentifier>
      <Extensions>cpp;c;cc;cxx;def;odl;idl;hpj;bat;asm;asmx</Extensions>
    </Filter>
    <Filter Include="Header Files">
      <UniqueIdentifier>{93995380-89BD-4b04-88EB-625FBE52EBFB}</UniqueIdentifier>
      <Extensions>h;hpp;hxx;hm;inl;inc;xsd</Extensions>
    </Filter>
    <Filter Include="Resource Files">
      <UniqueIdentifier>{67DA6AB6-F800-4c08-8B7A-83BB121AAD01}</UniqueIdentifier>
      <Extensions>rc;ico;cur;bmp;dlg;rc2;rct;bin;rgs;gif;jpg;jpeg;jpe;resx;tiff;tif;png;wav;mfcribbon-ms</Extensions>
    </Filter>
    <Filter Include="Driver Files">
      <UniqueIdentifier>{8E41214B-6785-4CFE-B992-037D68949A14}</UniqueIdentifier>
      <Extensions>inf;inv;inx;mof;mc;</Extensions>
    </Filter>
    <Filter Include="Source Files\core">
      <UniqueIdentifier>{241b5b3c-2e12-4d4c-bd03-0cf6fe1093b5}</UniqueIdentifier>
    </Filter>
    <Filter Include="Source Files\include">
      <UniqueIdentifier>{8557f5a6-bdc3-42f7-a78e-a60c2ae13d6b}</UniqueIdentifier>
    </Filter>
    <Filter Include="Source Files\session">
      <UniqueIdentifier>{bcf7a355-3ebd-4e18-9f0f-ace2a0a0a113}</UniqueIdentifier>
    </Filter>
    <Filter Include="Source Files\guard">
      <UniqueIdentifier>{ba1697a9-cde5-4e4e-9f7e-43f854de65e3}</UniqueIdentifier>
    </Filter>
    <Filter Include="Source Files\crypto">
      <UniqueIdentifier>{e0308fa3-2941-4dcf-a418-056511a5c2e7}</UniqueIdentifier>
    </Filter>
    <Filter Include="Header Files\common">
      <UniqueIdentifier>{ffce921a-63ef-4998-842c-eb5940a92569}</UniqueIdentifier>
    </Filter>
  </ItemGroup>
  <ItemGroup>
    <Inf Include="AntiCheatDriver.inf">
      <Filter>Driver Files</Filter>
    </Inf>
  </ItemGroup>
  <ItemGroup>
    <ClCompile Include="core\main.c">
      <Filter>Source Files\core</Filter>
    </ClCompile>
    <ClCompile Include="..\..\common\DebugLog.cpp">
      <Filter>Header Files\common</Filter>
    </ClCompile>
    <ClCompile Include="core\imports.c">
      <Filter>Source Files\core</Filter>
    </ClCompile>
    <ClCompile Include="core\OSinfo.c">
      <Filter>Source Files\core</Filter>
    </ClCompile>
    <ClCompile Include="guard\guard_handle.c">
      <Filter>Source Files\guard</Filter>
    </ClCompile>
    <ClCompile Include="guard\guard_image.c">
      <Filter>Source Files\guard</Filter>
    </ClCompile>
    <ClCompile Include="core\init.c">
      <Filter>Source Files\core</Filter>
    </ClCompile>
    <ClCompile Include="guard\guard_net.c">
      <Filter>Source Files\guard</Filter>
    </ClCompile>
    <ClCompile Include="guard\guard_process.c">
      <Filter>Source Files\guard</Filter>
    </ClCompile>
    <ClCompile Include="guard\guard_register.c">
      <Filter>Source Files\guard</Filter>
    </ClCompile>
    <ClCompile Include="guard\guard_thread.c">
      <Filter>Source Files\guard</Filter>
    </ClCompile>
  </ItemGroup>
  <ItemGroup>
    <ClInclude Include="include\pch.h">
      <Filter>Source Files\include</Filter>
    </ClInclude>
    <ClInclude Include="..\..\common\DebugLog.h">
      <Filter>Header Files\common</Filter>
    </ClInclude>
    <ClInclude Include="include\imports.h">
      <Filter>Source Files\include</Filter>
    </ClInclude>
    <ClInclude Include="include\OSinfo.h">
      <Filter>Source Files\include</Filter>
    </ClInclude>
    <ClInclude Include="resource.h">
      <Filter>Resource Files</Filter>
    </ClInclude>
    <ClInclude Include="include\guard_handle.h">
      <Filter>Source Files\include</Filter>
    </ClInclude>
    <ClInclude Include="include\guard_image.h">
      <Filter>Source Files\include</Filter>
    </ClInclude>
    <ClInclude Include="include\init.h">
      <Filter>Source Files\include</Filter>
    </ClInclude>
    <ClInclude Include="include\guard_net.h">
      <Filter>Source Files\include</Filter>
    </ClInclude>
    <ClInclude Include="include\guard_process.h">
      <Filter>Source Files\include</Filter>
    </ClInclude>
    <ClInclude Include="include\guard_register.h">
      <Filter>Source Files\include</Filter>
    </ClInclude>
    <ClInclude Include="include\guard_thread.h">
      <Filter>Source Files\include</Filter>
    </ClInclude>
  </ItemGroup>
  <ItemGroup>
    <ResourceCompile Include="AntiCheatDriver.rc">
      <Filter>Resource Files</Filter>
    </ResourceCompile>
  </ItemGroup>
</Project>